
Microsoft Visual Studio Solution File, Format Version 12.00
# Visual Studio Version 17
VisualStudioVersion = 17.2.32526.322
MinimumVisualStudioVersion = 10.0.40219.1
Project("{2150E333-8FDC-42A3-9474-1A3956D46DE8}") = "Services", "Services", "{191B17F4-09C7-4276-9029-6A65C0C144F5}"
EndProject
Project("{2150E333-8FDC-42A3-9474-1A3956D46DE8}") = "WebApps", "WebApps", "{1FAD539C-F0D3-4F36-A6CC-D7D3BF747A0D}"
EndProject
Project("{2150E333-8FDC-42A3-9474-1A3956D46DE8}") = "Cadastro", "Cadastro", "{B99BDBFE-158D-4E8A-ACB5-218D7967DD68}"
EndProject
Project("{2150E333-8FDC-42A3-9474-1A3956D46DE8}") = "Catalogo", "Catalogo", "{81559DA1-5C4F-421E-9190-3A819000FE96}"
EndProject
Project("{2150E333-8FDC-42A3-9474-1A3956D46DE8}") = "Core", "Core", "{6B0D165B-A6BA-482D-946E-B2E443C6B57A}"
EndProject
Project("{2150E333-8FDC-42A3-9474-1A3956D46DE8}") = "Fiscal", "Fiscal", "{F8E8474F-1A3C-425A-B882-19871BEE0079}"
EndProject
Project("{2150E333-8FDC-42A3-9474-1A3956D46DE8}") = "Pagamentos", "Pagamentos", "{CFE38F24-E610-43BF-BA63-B15D36D00B92}"
EndProject
Project("{9A19103F-16F7-4668-BE54-9A1E7A4F7556}") = "NerdStore.Catalogo.Domain", "src\NerdStore.Catalogo.Domain\NerdStore.Catalogo.Domain.csproj", "{7A896EBA-4055-463B-B1F7-BAFF22ACA755}"
EndProject
Project("{9A19103F-16F7-4668-BE54-9A1E7A4F7556}") = "NerdStore.Core", "src\NerdStore.Core\NerdStore.Core.csproj", "{0C69A030-6C48-4B01-8137-899790755313}"
EndProject
Project("{2150E333-8FDC-42A3-9474-1A3956D46DE8}") = "Tests", "Tests", "{084EDD2B-EB2F-41D7-9398-A08F98EB1429}"
EndProject
Project("{9A19103F-16F7-4668-BE54-9A1E7A4F7556}") = "NerdStore.Catalogo.Domain.Tests", "tests\NerdStore.Catalogo.Domain.Tests\NerdStore.Catalogo.Domain.Tests.csproj", "{C22AFE31-A0D5-451C-A771-EED5A747C1EA}"
EndProject
Project("{FAE04EC0-301F-11D3-BF4B-00C04F79EFBC}") = "NerdStore.Catalogo.Data", "src\NerdStore.Catalogo.Data\NerdStore.Catalogo.Data.csproj", "{9758EC2C-C742-426D-9665-06AB6ED18B8F}"
EndProject
Global
	GlobalSection(SolutionConfigurationPlatforms) = preSolution
		Debug|Any CPU = Debug|Any CPU
		Release|Any CPU = Release|Any CPU
	EndGlobalSection
	GlobalSection(ProjectConfigurationPlatforms) = postSolution
		{7A896EBA-4055-463B-B1F7-BAFF22ACA755}.Debug|Any CPU.ActiveCfg = Debug|Any CPU
		{7A896EBA-4055-463B-B1F7-BAFF22ACA755}.Debug|Any CPU.Build.0 = Debug|Any CPU
		{7A896EBA-4055-463B-B1F7-BAFF22ACA755}.Release|Any CPU.ActiveCfg = Release|Any CPU
		{7A896EBA-4055-463B-B1F7-BAFF22ACA755}.Release|Any CPU.Build.0 = Release|Any CPU
		{0C69A030-6C48-4B01-8137-899790755313}.Debug|Any CPU.ActiveCfg = Debug|Any CPU
		{0C69A030-6C48-4B01-8137-899790755313}.Debug|Any CPU.Build.0 = Debug|Any CPU
		{0C69A030-6C48-4B01-8137-899790755313}.Release|Any CPU.ActiveCfg = Release|Any CPU
		{0C69A030-6C48-4B01-8137-899790755313}.Release|Any CPU.Build.0 = Release|Any CPU
		{C22AFE31-A0D5-451C-A771-EED5A747C1EA}.Debug|Any CPU.ActiveCfg = Debug|Any CPU
		{C22AFE31-A0D5-451C-A771-EED5A747C1EA}.Debug|Any CPU.Build.0 = Debug|Any CPU
		{C22AFE31-A0D5-451C-A771-EED5A747C1EA}.Release|Any CPU.ActiveCfg = Release|Any CPU
		{C22AFE31-A0D5-451C-A771-EED5A747C1EA}.Release|Any CPU.Build.0 = Release|Any CPU
		{9758EC2C-C742-426D-9665-06AB6ED18B8F}.Debug|Any CPU.ActiveCfg = Debug|Any CPU
		{9758EC2C-C742-426D-9665-06AB6ED18B8F}.Debug|Any CPU.Build.0 = Debug|Any CPU
		{9758EC2C-C742-426D-9665-06AB6ED18B8F}.Release|Any CPU.ActiveCfg = Release|Any CPU
		{9758EC2C-C742-426D-9665-06AB6ED18B8F}.Release|Any CPU.Build.0 = Release|Any CPU
	EndGlobalSection
	GlobalSection(SolutionProperties) = preSolution
		HideSolutionNode = FALSE
	EndGlobalSection
	GlobalSection(NestedProjects) = preSolution
		{B99BDBFE-158D-4E8A-ACB5-218D7967DD68} = {191B17F4-09C7-4276-9029-6A65C0C144F5}
		{81559DA1-5C4F-421E-9190-3A819000FE96} = {191B17F4-09C7-4276-9029-6A65C0C144F5}
		{6B0D165B-A6BA-482D-946E-B2E443C6B57A} = {191B17F4-09C7-4276-9029-6A65C0C144F5}
		{F8E8474F-1A3C-425A-B882-19871BEE0079} = {191B17F4-09C7-4276-9029-6A65C0C144F5}
		{CFE38F24-E610-43BF-BA63-B15D36D00B92} = {191B17F4-09C7-4276-9029-6A65C0C144F5}
		{7A896EBA-4055-463B-B1F7-BAFF22ACA755} = {81559DA1-5C4F-421E-9190-3A819000FE96}
		{0C69A030-6C48-4B01-8137-899790755313} = {6B0D165B-A6BA-482D-946E-B2E443C6B57A}
		{084EDD2B-EB2F-41D7-9398-A08F98EB1429} = {81559DA1-5C4F-421E-9190-3A819000FE96}
		{C22AFE31-A0D5-451C-A771-EED5A747C1EA} = {084EDD2B-EB2F-41D7-9398-A08F98EB1429}
		{9758EC2C-C742-426D-9665-06AB6ED18B8F} = {81559DA1-5C4F-421E-9190-3A819000FE96}
	EndGlobalSection
	GlobalSection(ExtensibilityGlobals) = postSolution
		SolutionGuid = {91A792B1-5248-470B-9B73-BE3025DFBCD2}
	EndGlobalSection
EndGlobal
